
Microsoft Visual Studio Solution File, Format Version 12.00
# Visual Studio Version 17
VisualStudioVersion = 17.7.34018.315
MinimumVisualStudioVersion = 10.0.40219.1
Project("{FAE04EC0-301F-11D3-BF4B-00C04F79EFBC}") = "Tela Gerar Folha de Pagamento", "Tela Gerar Folha de Pagamento\Tela Gerar Folha de Pagamento.csproj", "{1B6300E2-CAEC-483D-B082-932B775A57B9}"
EndProject
Project("{2150E333-8FDC-42A3-9474-1A3956D46DE8}") = "Solution Items", "Solution Items", "{4D93275C-E356-4DA6-BDBB-53DEEA3F8AE5}"
	ProjectSection(SolutionItems) = preProject
		.editorconfig = .editorconfig
	EndProjectSection
EndProject
Global
	GlobalSection(SolutionConfigurationPlatforms) = preSolution
		Debug|Any CPU = Debug|Any CPU
		Release|Any CPU = Release|Any CPU
	EndGlobalSection
	GlobalSection(ProjectConfigurationPlatforms) = postSolution
		{1B6300E2-CAEC-483D-B082-932B775A57B9}.Debug|Any CPU.ActiveCfg = Debug|Any CPU
		{1B6300E2-CAEC-483D-B082-932B775A57B9}.Debug|Any CPU.Build.0 = Debug|Any CPU
		{1B6300E2-CAEC-483D-B082-932B775A57B9}.Release|Any CPU.ActiveCfg = Release|Any CPU
		{1B6300E2-CAEC-483D-B082-932B775A57B9}.Release|Any CPU.Build.0 = Release|Any CPU
	EndGlobalSection
	GlobalSection(SolutionProperties) = preSolution
		HideSolutionNode = FALSE
	EndGlobalSection
	GlobalSection(ExtensibilityGlobals) = postSolution
		SolutionGuid = {EEAEE6C5-563F-46A9-9C1C-92B8007E2979}
	EndGlobalSection
EndGlobal
